// !$*UTF8*$!
{
	archiveVersion = 1;
	classes = {
	};
	objectVersion = 55;
	objects = {

/* Begin PBXBuildFile section */
		29371056276F8FFE005E4FDC /* AppDelegate.swift in Sources */ = {isa = PBXBuildFile; fileRef = 29371055276F8FFE005E4FDC /* AppDelegate.swift */; };
		29371058276F8FFE005E4FDC /* SceneDelegate.swift in Sources */ = {isa = PBXBuildFile; fileRef = 29371057276F8FFE005E4FDC /* SceneDelegate.swift */; };
		2937105A276F8FFE005E4FDC /* ViewController.swift in Sources */ = {isa = PBXBuildFile; fileRef = 29371059276F8FFE005E4FDC /* ViewController.swift */; };
		2937105D276F8FFE005E4FDC /* Main.storyboard in Resources */ = {isa = PBXBuildFile; fileRef = 2937105B276F8FFE005E4FDC /* Main.storyboard */; };
		29371060276F8FFE005E4FDC /* movie.xcdatamodeld in Sources */ = {isa = PBXBuildFile; fileRef = 2937105E276F8FFE005E4FDC /* movie.xcdatamodeld */; };
		29371062276F9000005E4FDC /* Assets.xcassets in Resources */ = {isa = PBXBuildFile; fileRef = 29371061276F9000005E4FDC /* Assets.xcassets */; };
		29371065276F9000005E4FDC /* LaunchScreen.storyboard in Resources */ = {isa = PBXBuildFile; fileRef = 29371063276F9000005E4FDC /* LaunchScreen.storyboard */; };
		2937106D276FA149005E4FDC /* image1.jpeg in Resources */ = {isa = PBXBuildFile; fileRef = 2937106C276FA149005E4FDC /* image1.jpeg */; };
		2937106F276FA406005E4FDC /* CustomCollectionViewCell.swift in Sources */ = {isa = PBXBuildFile; fileRef = 2937106E276FA406005E4FDC /* CustomCollectionViewCell.swift */; };
		29371071277029F8005E4FDC /* DetailsViewController.swift in Sources */ = {isa = PBXBuildFile; fileRef = 29371070277029F8005E4FDC /* DetailsViewController.swift */; };
/* End PBXBuildFile section */

/* Begin PBXFileReference section */
		29371052276F8FFE005E4FDC /* movie.app */ = {isa = PBXFileReference; explicitFileType = wrapper.application; includeInIndex = 0; path = movie.app; sourceTree = BUILT_PRODUCTS_DIR; };
		29371055276F8FFE005E4FDC /* AppDelegate.swift */ = {isa = PBXFileReference; lastKnownFileType = sourcecode.swift; path = AppDelegate.swift; sourceTree = "<group>"; };
		29371057276F8FFE005E4FDC /* SceneDelegate.swift */ = {isa = PBXFileReference; lastKnownFileType = sourcecode.swift; path = SceneDelegate.swift; sourceTree = "<group>"; };
		29371059276F8FFE005E4FDC /* ViewController.swift */ = {isa = PBXFileReference; lastKnownFileType = sourcecode.swift; path = ViewController.swift; sourceTree = "<group>"; };
		2937105C276F8FFE005E4FDC /* Base */ = {isa = PBXFileReference; lastKnownFileType = file.storyboard; name = Base; path = Base.lproj/Main.storyboard; sourceTree = "<group>"; };
		2937105F276F8FFE005E4FDC /* movie.xcdatamodel */ = {isa = PBXFileReference; lastKnownFileType = wrapper.xcdatamodel; path = movie.xcdatamodel; sourceTree = "<group>"; };
		29371061276F9000005E4FDC /* Assets.xcassets */ = {isa = PBXFileReference; lastKnownFileType = folder.assetcatalog; path = Assets.xcassets; sourceTree = "<group>"; };
		29371064276F9000005E4FDC /* Base */ = {isa = PBXFileReference; lastKnownFileType = file.storyboard; name = Base; path = Base.lproj/LaunchScreen.storyboard; sourceTree = "<group>"; };
		29371066276F9000005E4FDC /* Info.plist */ = {isa = PBXFileReference; lastKnownFileType = text.plist.xml; path = Info.plist; sourceTree = "<group>"; };
		2937106C276FA149005E4FDC /* image1.jpeg */ = {isa = PBXFileReference; lastKnownFileType = image.jpeg; name = image1.jpeg; path = ../../../../Downloads/image1.jpeg; sourceTree = "<group>"; };
		2937106E276FA406005E4FDC /* CustomCollectionViewCell.swift */ = {isa = PBXFileReference; lastKnownFileType = sourcecode.swift; path = CustomCollectionViewCell.swift; sourceTree = "<group>"; };
		29371070277029F8005E4FDC /* DetailsViewController.swift */ = {isa = PBXFileReference; lastKnownFileType = sourcecode.swift; path = DetailsViewController.swift; sourceTree = "<group>"; };
/* End PBXFileReference section */

/* Begin PBXFrameworksBuildPhase section */
		2937104F276F8FFE005E4FDC /* Frameworks */ = {
			isa = PBXFrameworksBuildPhase;
			buildActionMask = 2147483647;
			files = (
			);
			runOnlyForDeploymentPostprocessing = 0;
		};
/* End PBXFrameworksBuildPhase section */

/* Begin PBXGroup section */
		29371049276F8FFE005E4FDC = {
			isa = PBXGroup;
			children = (
				29371054276F8FFE005E4FDC /* movie */,
				29371053276F8FFE005E4FDC /* Products */,
			);
			sourceTree = "<group>";
		};
		29371053276F8FFE005E4FDC /* Products */ = {
			isa = PBXGroup;
			children = (
				29371052276F8FFE005E4FDC /* movie.app */,
			);
			name = Products;
			sourceTree = "<group>";
		};
		29371054276F8FFE005E4FDC /* movie */ = {
			isa = PBXGroup;
			children = (
				29371055276F8FFE005E4FDC /* AppDelegate.swift */,
				29371057276F8FFE005E4FDC /* SceneDelegate.swift */,
				29371059276F8FFE005E4FDC /* ViewController.swift */,
				2937105B276F8FFE005E4FDC /* Main.storyboard */,
				29371070277029F8005E4FDC /* DetailsViewController.swift */,
				2937106E276FA406005E4FDC /* CustomCollectionViewCell.swift */,
				29371061276F9000005E4FDC /* Assets.xcassets */,
				29371063276F9000005E4FDC /* LaunchScreen.storyboard */,
				29371066276F9000005E4FDC /* Info.plist */,
				2937105E276F8FFE005E4FDC /* movie.xcdatamodeld */,
				2937106C276FA149005E4FDC /* image1.jpeg */,
			);
			path = movie;
			sourceTree = "<group>";
		};
/* End PBXGroup section */

/* Begin PBXNativeTarget section */
		29371051276F8FFE005E4FDC /* movie */ = {
			isa = PBXNativeTarget;
			buildConfigurationList = 29371069276F9000005E4FDC /* Build configuration list for PBXNativeTarget "movie" */;
			buildPhases = (
				2937104E276F8FFE005E4FDC /* Sources */,
				2937104F276F8FFE005E4FDC /* Frameworks */,
				29371050276F8FFE005E4FDC /* Resources */,
			);
			buildRules = (
			);
			dependencies = (
			);
			name = movie;
			productName = movie;
			productReference = 29371052276F8FFE005E4FDC /* movie.app */;
			productType = "com.apple.product-type.application";
		};
/* End PBXNativeTarget section */

/* Begin PBXProject section */
		2937104A276F8FFE005E4FDC /* Project object */ = {
			isa = PBXProject;
			attributes = {
				BuildIndependentTargetsInParallel = 1;
				LastSwiftUpdateCheck = 1310;
				LastUpgradeCheck = 1310;
				TargetAttributes = {
					29371051276F8FFE005E4FDC = {
						CreatedOnToolsVersion = 13.1;
					};
				};
			};
			buildConfigurationList = 2937104D276F8FFE005E4FDC /* Build configuration list for PBXProject "movie" */;
			compatibilityVersion = "Xcode 13.0";
			developmentRegion = en;
			hasScannedForEncodings = 0;
			knownRegions = (
				en,
				Base,
			);
			mainGroup = 29371049276F8FFE005E4FDC;
			productRefGroup = 29371053276F8FFE005E4FDC /* Products */;
			projectDirPath = "";
			projectRoot = "";
			targets = (
				29371051276F8FFE005E4FDC /* movie */,
			);
		};
/* End PBXProject section */

/* Begin PBXResourcesBuildPhase section */
		29371050276F8FFE005E4FDC /* Resources */ = {
			isa = PBXResourcesBuildPhase;
			buildActionMask = 2147483647;
			files = (
				29371065276F9000005E4FDC /* LaunchScreen.storyboard in Resources */,
				29371062276F9000005E4FDC /* Assets.xcassets in Resources */,
				2937105D276F8FFE005E4FDC /* Main.storyboard in Resources */,
				2937106D276FA149005E4FDC /* image1.jpeg in Resources */,
			);
			runOnlyForDeploymentPostprocessing = 0;
		};
/* End PBXResourcesBuildPhase section */

/* Begin PBXSourcesBuildPhase section */
		2937104E276F8FFE005E4FDC /* Sources */ = {
			isa = PBXSourcesBuildPhase;
			buildActionMask = 2147483647;
			files = (
				2937105A276F8FFE005E4FDC /* ViewController.swift in Sources */,
				2937106F276FA406005E4FDC /* CustomCollectionViewCell.swift in Sources */,
				29371056276F8FFE005E4FDC /* AppDelegate.swift in Sources */,
				29371060276F8FFE005E4FDC /* movie.xcdatamodeld in Sources */,
				29371058276F8FFE005E4FDC /* SceneDelegate.swift in Sources */,
				29371071277029F8005E4FDC /* DetailsViewController.swift in Sources */,
			);
			runOnlyForDeploymentPostprocessing = 0;
		};
/* End PBXSourcesBuildPhase section */

/* Begin PBXVariantGroup section */
		2937105B276F8FFE005E4FDC /* Main.storyboard */ = {
			isa = PBXVariantGroup;
			children = (
				2937105C276F8FFE005E4FDC /* Base */,
			);
			name = Main.storyboard;
			sourceTree = "<group>";
		};
		29371063276F9000005E4FDC /* LaunchScreen.storyboard */ = {
			isa = PBXVariantGroup;
			children = (
				29371064276F9000005E4FDC /* Base */,
			);
			name = LaunchScreen.storyboard;
			sourceTree = "<group>";
		};
/* End PBXVariantGroup section */

/* Begin XCBuildConfiguration section */
		29371067276F9000005E4FDC /* Debug */ = {
			isa = XCBuildConfiguration;
			buildSettings = {
				ALWAYS_SEARCH_USER_PATHS = NO;
				CLANG_ANALYZER_NONNULL = YES;
				CLANG_ANALYZER_NUMBER_OBJECT_CONVERSION = YES_AGGRESSIVE;
				CLANG_CXX_LANGUAGE_STANDARD = "gnu++17";
				CLANG_CXX_LIBRARY = "libc++";
				CLANG_ENABLE_MODULES = YES;
				CLANG_ENABLE_OBJC_ARC = YES;
				CLANG_ENABLE_OBJC_WEAK = YES;
				CLANG_WARN_BLOCK_CAPTURE_AUTORELEASING = YES;
				CLANG_WARN_BOOL_CONVERSION = YES;
				CLANG_WARN_COMMA = YES;
				CLANG_WARN_CONSTANT_CONVERSION = YES;
				CLANG_WARN_DEPRECATED_OBJC_IMPLEMENTATIONS = YES;
				CLANG_WARN_DIRECT_OBJC_ISA_USAGE = YES_ERROR;
				CLANG_WARN_DOCUMENTATION_COMMENTS = YES;
				CLANG_WARN_EMPTY_BODY = YES;
				CLANG_WARN_ENUM_CONVERSION = YES;
				CLANG_WARN_INFINITE_RECURSION = YES;
				CLANG_WARN_INT_CONVERSION = YES;
				CLANG_WARN_NON_LITERAL_NULL_CONVERSION = YES;
				CLANG_WARN_OBJC_IMPLICIT_RETAIN_SELF = YES;
				CLANG_WARN_OBJC_LITERAL_CONVERSION = YES;
				CLANG_WARN_OBJC_ROOT_CLASS = YES_ERROR;
				CLANG_WARN_QUOTED_INCLUDE_IN_FRAMEWORK_HEADER = YES;
				CLANG_WARN_RANGE_LOOP_ANALYSIS = YES;
				CLANG_WARN_STRICT_PROTOTYPES = YES;
				CLANG_WARN_SUSPICIOUS_MOVE = YES;
				CLANG_WARN_UNGUARDED_AVAILABILITY = YES_AGGRESSIVE;
				CLANG_WARN_UNREACHABLE_CODE = YES;
				CLANG_WARN__DUPLICATE_METHOD_MATCH = YES;
				COPY_PHASE_STRIP = NO;
				DEBUG_INFORMATION_FORMAT = dwarf;
				ENABLE_STRICT_OBJC_MSGSEND = YES;
				ENABLE_TESTABILITY = YES;
				GCC_C_LANGUAGE_STANDARD = gnu11;
				GCC_DYNAMIC_NO_PIC = NO;
				GCC_NO_COMMON_BLOCKS = YES;
				GCC_OPTIMIZATION_LEVEL = 0;
				GCC_PREPROCESSOR_DEFINITIONS = (
					"DEBUG=1",
					"$(inherited)",
				);
				GCC_WARN_64_TO_32_BIT_CONVERSION = YES;
				GCC_WARN_ABOUT_RETURN_TYPE = YES_ERROR;
				GCC_WARN_UNDECLARED_SELECTOR = YES;
				GCC_WARN_UNINITIALIZED_AUTOS = YES_AGGRESSIVE;
				GCC_WARN_UNUSED_FUNCTION = YES;
				GCC_WARN_UNUSED_VARIABLE = YES;
				IPHONEOS_DEPLOYMENT_TARGET = 15.0;
				MTL_ENABLE_DEBUG_INFO = INCLUDE_SOURCE;
				MTL_FAST_MATH = YES;
				ONLY_ACTIVE_ARCH = YES;
				SDKROOT = iphoneos;
				SWIFT_ACTIVE_COMPILATION_CONDITIONS = DEBUG;
				SWIFT_OPTIMIZATION_LEVEL = "-Onone";
			};
			name = Debug;
		};
		29371068276F9000005E4FDC /* Release */ = {
			isa = XCBuildConfiguration;
			buildSettings = {
				ALWAYS_SEARCH_USER_PATHS = NO;
				CLANG_ANALYZER_NONNULL = YES;
				CLANG_ANALYZER_NUMBER_OBJECT_CONVERSION = YES_AGGRESSIVE;
				CLANG_CXX_LANGUAGE_STANDARD = "gnu++17";
				CLANG_CXX_LIBRARY = "libc++";
				CLANG_ENABLE_MODULES = YES;
				CLANG_ENABLE_OBJC_ARC = YES;
				CLANG_ENABLE_OBJC_WEAK = YES;
				CLANG_WARN_BLOCK_CAPTURE_AUTORELEASING = YES;
				CLANG_WARN_BOOL_CONVERSION = YES;
				CLANG_WARN_COMMA = YES;
				CLANG_WARN_CONSTANT_CONVERSION = YES;
				CLANG_WARN_DEPRECATED_OBJC_IMPLEMENTATIONS = YES;
				CLANG_WARN_DIRECT_OBJC_ISA_USAGE = YES_ERROR;
				CLANG_WARN_DOCUMENTATION_COMMENTS = YES;
				CLANG_WARN_EMPTY_BODY = YES;
				CLANG_WARN_ENUM_CONVERSION = YES;
				CLANG_WARN_INFINITE_RECURSION = YES;
				CLANG_WARN_INT_CONVERSION = YES;
				CLANG_WARN_NON_LITERAL_NULL_CONVERSION = YES;
				CLANG_WARN_OBJC_IMPLICIT_RETAIN_SELF = YES;
				CLANG_WARN_OBJC_LITERAL_CONVERSION = YES;
				CLANG_WARN_OBJC_ROOT_CLASS = YES_ERROR;
				CLANG_WARN_QUOTED_INCLUDE_IN_FRAMEWORK_HEADER = YES;
				CLANG_WARN_RANGE_LOOP_ANALYSIS = YES;
				CLANG_WARN_STRICT_PROTOTYPES = YES;
				CLANG_WARN_SUSPICIOUS_MOVE = YES;
				CLANG_WARN_UNGUARDED_AVAILABILITY = YES_AGGRESSIVE;
				CLANG_WARN_UNREACHABLE_CODE = YES;
				CLANG_WARN__DUPLICATE_METHOD_MATCH = YES;
				COPY_PHASE_STRIP = NO;
				DEBUG_INFORMATION_FORMAT = "dwarf-with-dsym";
				ENABLE_NS_ASSERTIONS = NO;
				ENABLE_STRICT_OBJC_MSGSEND = YES;
				GCC_C_LANGUAGE_STANDARD = gnu11;
				GCC_NO_COMMON_BLOCKS = YES;
				GCC_WARN_64_TO_32_BIT_CONVERSION = YES;
				GCC_WARN_ABOUT_RETURN_TYPE = YES_ERROR;
				GCC_WARN_UNDECLARED_SELECTOR = YES;
				GCC_WARN_UNINITIALIZED_AUTOS = YES_AGGRESSIVE;
				GCC_WARN_UNUSED_FUNCTION = YES;
				GCC_WARN_UNUSED_VARIABLE = YES;
				IPHONEOS_DEPLOYMENT_TARGET = 15.0;
				MTL_ENABLE_DEBUG_INFO = NO;
				MTL_FAST_MATH = YES;
				SDKROOT = iphoneos;
				SWIFT_COMPILATION_MODE = wholemodule;
				SWIFT_OPTIMIZATION_LEVEL = "-O";
				VALIDATE_PRODUCT = YES;
			};
			name = Release;
		};
		2937106A276F9000005E4FDC /* Debug */ = {
			isa = XCBuildConfiguration;
			buildSettings = {
				ASSETCATALOG_COMPILER_APPICON_NAME = AppIcon;
				ASSETCATALOG_COMPILER_GLOBAL_ACCENT_COLOR_NAME = AccentColor;
				CODE_SIGN_STYLE = Automatic;
				CURRENT_PROJECT_VERSION = 1;
				GENERATE_INFOPLIST_FILE = YES;
				INFOPLIST_FILE = movie/Info.plist;
				INFOPLIST_KEY_UIApplicationSupportsIndirectInputEvents = YES;
				INFOPLIST_KEY_UILaunchStoryboardName = LaunchScreen;
				INFOPLIST_KEY_UIMainStoryboardFile = Main;
				INFOPLIST_KEY_UISupportedInterfaceOrientations_iPad = "UIInterfaceOrientationPortrait UIInterfaceOrientationPortraitUpsideDown UIInterfaceOrientationLandscapeLeft UIInterfaceOrientationLandscapeRight";
				INFOPLIST_KEY_UISupportedInterfaceOrientations_iPhone = "UIInterfaceOrientationPortrait UIInterfaceOrientationLandscapeLeft UIInterfaceOrientationLandscapeRight";
				LD_RUNPATH_SEARCH_PATHS = (
					"$(inherited)",
					"@executable_path/Frameworks",
				);
				MARKETING_VERSION = 1.0;
				PRODUCT_BUNDLE_IDENTIFIER = Maha.movie;
				PRODUCT_NAME = "$(TARGET_NAME)";
				SWIFT_EMIT_LOC_STRINGS = YES;
				SWIFT_VERSION = 5.0;
				TARGETED_DEVICE_FAMILY = "1,2";
			};
			name = Debug;
		};
		2937106B276F9000005E4FDC /* Release */ = {
			isa = XCBuildConfiguration;
			buildSettings = {
				ASSETCATALOG_COMPILER_APPICON_NAME = AppIcon;
				ASSETCATALOG_COMPILER_GLOBAL_ACCENT_COLOR_NAME = AccentColor;
				CODE_SIGN_STYLE = Automatic;
				CURRENT_PROJECT_VERSION = 1;
				GENERATE_INFOPLIST_FILE = YES;
				INFOPLIST_FILE = movie/Info.plist;
				INFOPLIST_KEY_UIApplicationSupportsIndirectInputEvents = YES;
				INFOPLIST_KEY_UILaunchStoryboardName = LaunchScreen;
				INFOPLIST_KEY_UIMainStoryboardFile = Main;
				INFOPLIST_KEY_UISupportedInterfaceOrientations_iPad = "UIInterfaceOrientationPortrait UIInterfaceOrientationPortraitUpsideDown UIInterfaceOrientationLandscapeLeft UIInterfaceOrientationLandscapeRight";
				INFOPLIST_KEY_UISupportedInterfaceOrientations_iPhone = "UIInterfaceOrientationPortrait UIInterfaceOrientationLandscapeLeft UIInterfaceOrientationLandscapeRight";
				LD_RUNPATH_SEARCH_PATHS = (
					"$(inherited)",
					"@executable_path/Frameworks",
				);
				MARKETING_VERSION = 1.0;
				PRODUCT_BUNDLE_IDENTIFIER = Maha.movie;
				PRODUCT_NAME = "$(TARGET_NAME)";
				SWIFT_EMIT_LOC_STRINGS = YES;
				SWIFT_VERSION = 5.0;
				TARGETED_DEVICE_FAMILY = "1,2";
			};
			name = Release;
		};
/* End XCBuildConfiguration section */

/* Begin XCConfigurationList section */
		2937104D276F8FFE005E4FDC /* Build configuration list for PBXProject "movie" */ = {
			isa = XCConfigurationList;
			buildConfigurations = (
				29371067276F9000005E4FDC /* Debug */,
				29371068276F9000005E4FDC /* Release */,
			);
			defaultConfigurationIsVisible = 0;
			defaultConfigurationName = Release;
		};
		29371069276F9000005E4FDC /* Build configuration list for PBXNativeTarget "movie" */ = {
			isa = XCConfigurationList;
			buildConfigurations = (
				2937106A276F9000005E4FDC /* Debug */,
				2937106B276F9000005E4FDC /* Release */,
			);
			defaultConfigurationIsVisible = 0;
			defaultConfigurationName = Release;
		};
/* End XCConfigurationList section */

/* Begin XCVersionGroup section */
		2937105E276F8FFE005E4FDC /* movie.xcdatamodeld */ = {
			isa = XCVersionGroup;
			children = (
				2937105F276F8FFE005E4FDC /* movie.xcdatamodel */,
			);
			currentVersion = 2937105F276F8FFE005E4FDC /* movie.xcdatamodel */;
			path = movie.xcdatamodeld;
			sourceTree = "<group>";
			versionGroupType = wrapper.xcdatamodel;
		};
/* End XCVersionGroup section */
	};
	rootObject = 2937104A276F8FFE005E4FDC /* Project object */;
}
